// !$*UTF8*$!
{
	archiveVersion = 1;
	classes = {
	};
	objectVersion = 50;
	objects = {

/* Begin PBXBuildFile section */
		4A11D19B27750048009DCC65 /* Point.swift in Sources */ = {isa = PBXBuildFile; fileRef = 4A11D19A27750048009DCC65 /* Point.swift */; };
		4A1C29D227F3CACB003203B2 /* User.swift in Sources */ = {isa = PBXBuildFile; fileRef = 4A1C29D127F3CACB003203B2 /* User.swift */; };
		4A1C29D427F3CBCD003203B2 /* AuthenticationManager.swift in Sources */ = {isa = PBXBuildFile; fileRef = 4A1C29D327F3CBCD003203B2 /* AuthenticationManager.swift */; };
		4A25833327B07CBE008047CE /* PointAnnotationDetailsView.swift in Sources */ = {isa = PBXBuildFile; fileRef = 4A25833227B07CBE008047CE /* PointAnnotationDetailsView.swift */; };
		4A35255B27A0E1180093C847 /* AddPointView.swift in Sources */ = {isa = PBXBuildFile; fileRef = 4A35255A27A0E1180093C847 /* AddPointView.swift */; };
		4A35255E27A0E8D50093C847 /* AddPointViewModel.swift in Sources */ = {isa = PBXBuildFile; fileRef = 4A35255D27A0E8D50093C847 /* AddPointViewModel.swift */; };
		4A40AABE2742C6C9007BA2F4 /* Geo.swift in Sources */ = {isa = PBXBuildFile; fileRef = 4A40AABD2742C6C9007BA2F4 /* Geo.swift */; };
		4A4F062527235D8400497A25 /* ContentView.swift in Sources */ = {isa = PBXBuildFile; fileRef = 4A4F062427235D8400497A25 /* ContentView.swift */; };
		4A4F062727235D8B00497A25 /* Assets.xcassets in Resources */ = {isa = PBXBuildFile; fileRef = 4A4F062627235D8B00497A25 /* Assets.xcassets */; };
		4A4F062A27235D8B00497A25 /* Preview Assets.xcassets in Resources */ = {isa = PBXBuildFile; fileRef = 4A4F062927235D8B00497A25 /* Preview Assets.xcassets */; };
		4A4F062D27235D8B00497A25 /* LaunchScreen.storyboard in Resources */ = {isa = PBXBuildFile; fileRef = 4A4F062B27235D8B00497A25 /* LaunchScreen.storyboard */; };
		4A61DA2D278F309B00D3D4EE /* PointAnnotationView.swift in Sources */ = {isa = PBXBuildFile; fileRef = 4A61DA2C278F309B00D3D4EE /* PointAnnotationView.swift */; };
		4A7B06A927E8CA240056F301 /* CircleButton.swift in Sources */ = {isa = PBXBuildFile; fileRef = 4A7B06A827E8CA240056F301 /* CircleButton.swift */; };
		4ABC62A22730E57C001AA1CD /* MapView.swift in Sources */ = {isa = PBXBuildFile; fileRef = 4ABC62A12730E57B001AA1CD /* MapView.swift */; };
		4AC6292E273CDE5500E003FE /* LocationManager.swift in Sources */ = {isa = PBXBuildFile; fileRef = 4AC6292D273CDE5500E003FE /* LocationManager.swift */; };
		4AD705BB27F9667B0065321B /* TokenResponse.swift in Sources */ = {isa = PBXBuildFile; fileRef = 4AD705BA27F9667B0065321B /* TokenResponse.swift */; };
		4AF1509927E7AAA300960AE7 /* SettingsManager.swift in Sources */ = {isa = PBXBuildFile; fileRef = 4AF1509827E7AAA300960AE7 /* SettingsManager.swift */; };
/* End PBXBuildFile section */

/* Begin PBXFileReference section */
		4A11D19A27750048009DCC65 /* Point.swift */ = {isa = PBXFileReference; lastKnownFileType = sourcecode.swift; path = Point.swift; sourceTree = "<group>"; };
		4A1C29D127F3CACB003203B2 /* User.swift */ = {isa = PBXFileReference; lastKnownFileType = sourcecode.swift; path = User.swift; sourceTree = "<group>"; };
		4A1C29D327F3CBCD003203B2 /* AuthenticationManager.swift */ = {isa = PBXFileReference; lastKnownFileType = sourcecode.swift; path = AuthenticationManager.swift; sourceTree = "<group>"; };
		4A25833227B07CBE008047CE /* PointAnnotationDetailsView.swift */ = {isa = PBXFileReference; lastKnownFileType = sourcecode.swift; path = PointAnnotationDetailsView.swift; sourceTree = "<group>"; };
		4A35255A27A0E1180093C847 /* AddPointView.swift */ = {isa = PBXFileReference; lastKnownFileType = sourcecode.swift; path = AddPointView.swift; sourceTree = "<group>"; };
		4A35255D27A0E8D50093C847 /* AddPointViewModel.swift */ = {isa = PBXFileReference; lastKnownFileType = sourcecode.swift; path = AddPointViewModel.swift; sourceTree = "<group>"; };
		4A40AABD2742C6C9007BA2F4 /* Geo.swift */ = {isa = PBXFileReference; lastKnownFileType = sourcecode.swift; path = Geo.swift; sourceTree = "<group>"; };
		4A4F061D27235D8400497A25 /* Geo.app */ = {isa = PBXFileReference; explicitFileType = wrapper.application; includeInIndex = 0; path = Geo.app; sourceTree = BUILT_PRODUCTS_DIR; };
		4A4F062427235D8400497A25 /* ContentView.swift */ = {isa = PBXFileReference; lastKnownFileType = sourcecode.swift; path = ContentView.swift; sourceTree = "<group>"; };
		4A4F062627235D8B00497A25 /* Assets.xcassets */ = {isa = PBXFileReference; lastKnownFileType = folder.assetcatalog; path = Assets.xcassets; sourceTree = "<group>"; };
		4A4F062927235D8B00497A25 /* Preview Assets.xcassets */ = {isa = PBXFileReference; lastKnownFileType = folder.assetcatalog; path = "Preview Assets.xcassets"; sourceTree = "<group>"; };
		4A4F062C27235D8B00497A25 /* Base */ = {isa = PBXFileReference; lastKnownFileType = file.storyboard; name = Base; path = Base.lproj/LaunchScreen.storyboard; sourceTree = "<group>"; };
		4A4F062E27235D8B00497A25 /* Info.plist */ = {isa = PBXFileReference; lastKnownFileType = text.plist.xml; path = Info.plist; sourceTree = "<group>"; };
		4A61DA2C278F309B00D3D4EE /* PointAnnotationView.swift */ = {isa = PBXFileReference; lastKnownFileType = sourcecode.swift; path = PointAnnotationView.swift; sourceTree = "<group>"; };
		4A7B06A827E8CA240056F301 /* CircleButton.swift */ = {isa = PBXFileReference; lastKnownFileType = sourcecode.swift; path = CircleButton.swift; sourceTree = "<group>"; };
		4ABC62A12730E57B001AA1CD /* MapView.swift */ = {isa = PBXFileReference; lastKnownFileType = sourcecode.swift; path = MapView.swift; sourceTree = "<group>"; };
		4AC6292D273CDE5500E003FE /* LocationManager.swift */ = {isa = PBXFileReference; lastKnownFileType = sourcecode.swift; path = LocationManager.swift; sourceTree = "<group>"; };
		4AD705BA27F9667B0065321B /* TokenResponse.swift */ = {isa = PBXFileReference; lastKnownFileType = sourcecode.swift; path = TokenResponse.swift; sourceTree = "<group>"; };
		4AEB472027F3814F00C5B9FE /* Geo.entitlements */ = {isa = PBXFileReference; lastKnownFileType = text.plist.entitlements; path = Geo.entitlements; sourceTree = "<group>"; };
		4AEB472127F3828B00C5B9FE /* GeoRelease.entitlements */ = {isa = PBXFileReference; lastKnownFileType = text.plist.entitlements; path = GeoRelease.entitlements; sourceTree = "<group>"; };
		4AF1509827E7AAA300960AE7 /* SettingsManager.swift */ = {isa = PBXFileReference; lastKnownFileType = sourcecode.swift; path = SettingsManager.swift; sourceTree = "<group>"; };
/* End PBXFileReference section */

/* Begin PBXFrameworksBuildPhase section */
		4A4F061A27235D8400497A25 /* Frameworks */ = {
			isa = PBXFrameworksBuildPhase;
			buildActionMask = 2147483647;
			files = (
			);
			runOnlyForDeploymentPostprocessing = 0;
		};
/* End PBXFrameworksBuildPhase section */

/* Begin PBXGroup section */
		4A11D1992774FFF2009DCC65 /* Models */ = {
			isa = PBXGroup;
			children = (
				4A11D19A27750048009DCC65 /* Point.swift */,
				4A1C29D127F3CACB003203B2 /* User.swift */,
				4AD705BA27F9667B0065321B /* TokenResponse.swift */,
			);
			path = Models;
			sourceTree = "<group>";
		};
		4A35255F27A0E9140093C847 /* AddPoint */ = {
			isa = PBXGroup;
			children = (
				4A35255A27A0E1180093C847 /* AddPointView.swift */,
				4A35255D27A0E8D50093C847 /* AddPointViewModel.swift */,
			);
			path = AddPoint;
			sourceTree = "<group>";
		};
		4A40AABA2742B7C0007BA2F4 /* Views */ = {
			isa = PBXGroup;
			children = (
				4ABC62A12730E57B001AA1CD /* MapView.swift */,
				4A35255F27A0E9140093C847 /* AddPoint */,
				4A4F062427235D8400497A25 /* ContentView.swift */,
				4A61DA2C278F309B00D3D4EE /* PointAnnotationView.swift */,
				4A25833227B07CBE008047CE /* PointAnnotationDetailsView.swift */,
				4A7B06A827E8CA240056F301 /* CircleButton.swift */,
			);
			path = Views;
			sourceTree = "<group>";
		};
		4A4F061427235D8400497A25 = {
			isa = PBXGroup;
			children = (
				4A4F061F27235D8400497A25 /* Geo */,
				4A4F061E27235D8400497A25 /* Products */,
			);
			sourceTree = "<group>";
		};
		4A4F061E27235D8400497A25 /* Products */ = {
			isa = PBXGroup;
			children = (
				4A4F061D27235D8400497A25 /* Geo.app */,
			);
			name = Products;
			sourceTree = "<group>";
		};
		4A4F061F27235D8400497A25 /* Geo */ = {
			isa = PBXGroup;
			children = (
				4AEB472127F3828B00C5B9FE /* GeoRelease.entitlements */,
				4AEB472027F3814F00C5B9FE /* Geo.entitlements */,
				4AF1509727E7A29900960AE7 /* Managers */,
				4A11D1992774FFF2009DCC65 /* Models */,
				4A40AABA2742B7C0007BA2F4 /* Views */,
				4A4F062627235D8B00497A25 /* Assets.xcassets */,
				4A4F062B27235D8B00497A25 /* LaunchScreen.storyboard */,
				4A4F062E27235D8B00497A25 /* Info.plist */,
				4A4F062827235D8B00497A25 /* Preview Content */,
				4A40AABD2742C6C9007BA2F4 /* Geo.swift */,
			);
			path = Geo;
			sourceTree = "<group>";
		};
		4A4F062827235D8B00497A25 /* Preview Content */ = {
			isa = PBXGroup;
			children = (
				4A4F062927235D8B00497A25 /* Preview Assets.xcassets */,
			);
			path = "Preview Content";
			sourceTree = "<group>";
		};
		4AF1509727E7A29900960AE7 /* Managers */ = {
			isa = PBXGroup;
			children = (
				4AC6292D273CDE5500E003FE /* LocationManager.swift */,
				4AF1509827E7AAA300960AE7 /* SettingsManager.swift */,
				4A1C29D327F3CBCD003203B2 /* AuthenticationManager.swift */,
			);
			path = Managers;
			sourceTree = "<group>";
		};
/* End PBXGroup section */

/* Begin PBXNativeTarget section */
		4A4F061C27235D8400497A25 /* Geo */ = {
			isa = PBXNativeTarget;
			buildConfigurationList = 4A4F063127235D8B00497A25 /* Build configuration list for PBXNativeTarget "Geo" */;
			buildPhases = (
				4A4F061927235D8400497A25 /* Sources */,
				4A4F061A27235D8400497A25 /* Frameworks */,
				4A4F061B27235D8400497A25 /* Resources */,
			);
			buildRules = (
			);
			dependencies = (
			);
			name = Geo;
			productName = Geo;
			productReference = 4A4F061D27235D8400497A25 /* Geo.app */;
			productType = "com.apple.product-type.application";
		};
/* End PBXNativeTarget section */

/* Begin PBXProject section */
		4A4F061527235D8400497A25 /* Project object */ = {
			isa = PBXProject;
			attributes = {
				LastSwiftUpdateCheck = 1170;
				LastUpgradeCheck = 1300;
				ORGANIZATIONNAME = "William Svoboda";
				TargetAttributes = {
					4A4F061C27235D8400497A25 = {
						CreatedOnToolsVersion = 11.7;
					};
				};
			};
			buildConfigurationList = 4A4F061827235D8400497A25 /* Build configuration list for PBXProject "Geo" */;
			compatibilityVersion = "Xcode 9.3";
			developmentRegion = en;
			hasScannedForEncodings = 0;
			knownRegions = (
				en,
				Base,
			);
			mainGroup = 4A4F061427235D8400497A25;
			productRefGroup = 4A4F061E27235D8400497A25 /* Products */;
			projectDirPath = "";
			projectRoot = "";
			targets = (
				4A4F061C27235D8400497A25 /* Geo */,
			);
		};
/* End PBXProject section */

/* Begin PBXResourcesBuildPhase section */
		4A4F061B27235D8400497A25 /* Resources */ = {
			isa = PBXResourcesBuildPhase;
			buildActionMask = 2147483647;
			files = (
				4A4F062D27235D8B00497A25 /* LaunchScreen.storyboard in Resources */,
				4A4F062A27235D8B00497A25 /* Preview Assets.xcassets in Resources */,
				4A4F062727235D8B00497A25 /* Assets.xcassets in Resources */,
			);
			runOnlyForDeploymentPostprocessing = 0;
		};
/* End PBXResourcesBuildPhase section */

/* Begin PBXSourcesBuildPhase section */
		4A4F061927235D8400497A25 /* Sources */ = {
			isa = PBXSourcesBuildPhase;
			buildActionMask = 2147483647;
			files = (
				4ABC62A22730E57C001AA1CD /* MapView.swift in Sources */,
				4A4F062527235D8400497A25 /* ContentView.swift in Sources */,
				4AD705BB27F9667B0065321B /* TokenResponse.swift in Sources */,
				4A35255E27A0E8D50093C847 /* AddPointViewModel.swift in Sources */,
				4A61DA2D278F309B00D3D4EE /* PointAnnotationView.swift in Sources */,
				4A7B06A927E8CA240056F301 /* CircleButton.swift in Sources */,
				4A1C29D427F3CBCD003203B2 /* AuthenticationManager.swift in Sources */,
				4A35255B27A0E1180093C847 /* AddPointView.swift in Sources */,
				4A11D19B27750048009DCC65 /* Point.swift in Sources */,
				4AC6292E273CDE5500E003FE /* LocationManager.swift in Sources */,
				4A1C29D227F3CACB003203B2 /* User.swift in Sources */,
				4A25833327B07CBE008047CE /* PointAnnotationDetailsView.swift in Sources */,
				4AF1509927E7AAA300960AE7 /* SettingsManager.swift in Sources */,
				4A40AABE2742C6C9007BA2F4 /* Geo.swift in Sources */,
			);
			runOnlyForDeploymentPostprocessing = 0;
		};
/* End PBXSourcesBuildPhase section */

/* Begin PBXVariantGroup section */
		4A4F062B27235D8B00497A25 /* LaunchScreen.storyboard */ = {
			isa = PBXVariantGroup;
			children = (
				4A4F062C27235D8B00497A25 /* Base */,
			);
			name = LaunchScreen.storyboard;
			sourceTree = "<group>";
		};
/* End PBXVariantGroup section */

/* Begin XCBuildConfiguration section */
		4A4F062F27235D8B00497A25 /* Debug */ = {
			isa = XCBuildConfiguration;
			buildSettings = {
				ALWAYS_SEARCH_USER_PATHS = NO;
				CLANG_ANALYZER_NONNULL = YES;
				CLANG_ANALYZER_NUMBER_OBJECT_CONVERSION = YES_AGGRESSIVE;
				CLANG_CXX_LANGUAGE_STANDARD = "gnu++14";
				CLANG_CXX_LIBRARY = "libc++";
				CLANG_ENABLE_MODULES = YES;
				CLANG_ENABLE_OBJC_ARC = YES;
				CLANG_ENABLE_OBJC_WEAK = YES;
				CLANG_WARN_BLOCK_CAPTURE_AUTORELEASING = YES;
				CLANG_WARN_BOOL_CONVERSION = YES;
				CLANG_WARN_COMMA = YES;
				CLANG_WARN_CONSTANT_CONVERSION = YES;
				CLANG_WARN_DEPRECATED_OBJC_IMPLEMENTATIONS = YES;
				CLANG_WARN_DIRECT_OBJC_ISA_USAGE = YES_ERROR;
				CLANG_WARN_DOCUMENTATION_COMMENTS = YES;
				CLANG_WARN_EMPTY_BODY = YES;
				CLANG_WARN_ENUM_CONVERSION = YES;
				CLANG_WARN_INFINITE_RECURSION = YES;
				CLANG_WARN_INT_CONVERSION = YES;
				CLANG_WARN_NON_LITERAL_NULL_CONVERSION = YES;
				CLANG_WARN_OBJC_IMPLICIT_RETAIN_SELF = YES;
				CLANG_WARN_OBJC_LITERAL_CONVERSION = YES;
				CLANG_WARN_OBJC_ROOT_CLASS = YES_ERROR;
				CLANG_WARN_QUOTED_INCLUDE_IN_FRAMEWORK_HEADER = YES;
				CLANG_WARN_RANGE_LOOP_ANALYSIS = YES;
				CLANG_WARN_STRICT_PROTOTYPES = YES;
				CLANG_WARN_SUSPICIOUS_MOVE = YES;
				CLANG_WARN_UNGUARDED_AVAILABILITY = YES_AGGRESSIVE;
				CLANG_WARN_UNREACHABLE_CODE = YES;
				CLANG_WARN__DUPLICATE_METHOD_MATCH = YES;
				COPY_PHASE_STRIP = NO;
				DEBUG_INFORMATION_FORMAT = dwarf;
				ENABLE_STRICT_OBJC_MSGSEND = YES;
				ENABLE_TESTABILITY = YES;
				GCC_C_LANGUAGE_STANDARD = gnu11;
				GCC_DYNAMIC_NO_PIC = NO;
				GCC_NO_COMMON_BLOCKS = YES;
				GCC_OPTIMIZATION_LEVEL = 0;
				GCC_PREPROCESSOR_DEFINITIONS = (
					"DEBUG=1",
					"$(inherited)",
				);
				GCC_WARN_64_TO_32_BIT_CONVERSION = YES;
				GCC_WARN_ABOUT_RETURN_TYPE = YES_ERROR;
				GCC_WARN_UNDECLARED_SELECTOR = YES;
				GCC_WARN_UNINITIALIZED_AUTOS = YES_AGGRESSIVE;
				GCC_WARN_UNUSED_FUNCTION = YES;
				GCC_WARN_UNUSED_VARIABLE = YES;
				IPHONEOS_DEPLOYMENT_TARGET = 15.0;
				MTL_ENABLE_DEBUG_INFO = INCLUDE_SOURCE;
				MTL_FAST_MATH = YES;
				ONLY_ACTIVE_ARCH = YES;
				SDKROOT = iphoneos;
				SWIFT_ACTIVE_COMPILATION_CONDITIONS = DEBUG;
				SWIFT_OPTIMIZATION_LEVEL = "-Onone";
			};
			name = Debug;
		};
		4A4F063027235D8B00497A25 /* Release */ = {
			isa = XCBuildConfiguration;
			buildSettings = {
				ALWAYS_SEARCH_USER_PATHS = NO;
				CLANG_ANALYZER_NONNULL = YES;
				CLANG_ANALYZER_NUMBER_OBJECT_CONVERSION = YES_AGGRESSIVE;
				CLANG_CXX_LANGUAGE_STANDARD = "gnu++14";
				CLANG_CXX_LIBRARY = "libc++";
				CLANG_ENABLE_MODULES = YES;
				CLANG_ENABLE_OBJC_ARC = YES;
				CLANG_ENABLE_OBJC_WEAK = YES;
				CLANG_WARN_BLOCK_CAPTURE_AUTORELEASING = YES;
				CLANG_WARN_BOOL_CONVERSION = YES;
				CLANG_WARN_COMMA = YES;
				CLANG_WARN_CONSTANT_CONVERSION = YES;
				CLANG_WARN_DEPRECATED_OBJC_IMPLEMENTATIONS = YES;
				CLANG_WARN_DIRECT_OBJC_ISA_USAGE = YES_ERROR;
				CLANG_WARN_DOCUMENTATION_COMMENTS = YES;
				CLANG_WARN_EMPTY_BODY = YES;
				CLANG_WARN_ENUM_CONVERSION = YES;
				CLANG_WARN_INFINITE_RECURSION = YES;
				CLANG_WARN_INT_CONVERSION = YES;
				CLANG_WARN_NON_LITERAL_NULL_CONVERSION = YES;
				CLANG_WARN_OBJC_IMPLICIT_RETAIN_SELF = YES;
				CLANG_WARN_OBJC_LITERAL_CONVERSION = YES;
				CLANG_WARN_OBJC_ROOT_CLASS = YES_ERROR;
				CLANG_WARN_QUOTED_INCLUDE_IN_FRAMEWORK_HEADER = YES;
				CLANG_WARN_RANGE_LOOP_ANALYSIS = YES;
				CLANG_WARN_STRICT_PROTOTYPES = YES;
				CLANG_WARN_SUSPICIOUS_MOVE = YES;
				CLANG_WARN_UNGUARDED_AVAILABILITY = YES_AGGRESSIVE;
				CLANG_WARN_UNREACHABLE_CODE = YES;
				CLANG_WARN__DUPLICATE_METHOD_MATCH = YES;
				COPY_PHASE_STRIP = NO;
				DEBUG_INFORMATION_FORMAT = "dwarf-with-dsym";
				ENABLE_NS_ASSERTIONS = NO;
				ENABLE_STRICT_OBJC_MSGSEND = YES;
				GCC_C_LANGUAGE_STANDARD = gnu11;
				GCC_NO_COMMON_BLOCKS = YES;
				GCC_WARN_64_TO_32_BIT_CONVERSION = YES;
				GCC_WARN_ABOUT_RETURN_TYPE = YES_ERROR;
				GCC_WARN_UNDECLARED_SELECTOR = YES;
				GCC_WARN_UNINITIALIZED_AUTOS = YES_AGGRESSIVE;
				GCC_WARN_UNUSED_FUNCTION = YES;
				GCC_WARN_UNUSED_VARIABLE = YES;
				IPHONEOS_DEPLOYMENT_TARGET = 15.0;
				MTL_ENABLE_DEBUG_INFO = NO;
				MTL_FAST_MATH = YES;
				SDKROOT = iphoneos;
				SWIFT_COMPILATION_MODE = wholemodule;
				SWIFT_OPTIMIZATION_LEVEL = "-O";
				VALIDATE_PRODUCT = YES;
			};
			name = Release;
		};
		4A4F063227235D8B00497A25 /* Debug */ = {
			isa = XCBuildConfiguration;
			buildSettings = {
				ASSETCATALOG_COMPILER_APPICON_NAME = AppIcon;
				CODE_SIGN_ENTITLEMENTS = Geo/Geo.entitlements;
				CODE_SIGN_IDENTITY = "Apple Development";
				CODE_SIGN_STYLE = Automatic;
				DEVELOPMENT_ASSET_PATHS = "\"Geo/Preview Content\"";
				DEVELOPMENT_TEAM = CW4C3JKWPR;
				ENABLE_PREVIEWS = YES;
				INFOPLIST_FILE = Geo/Info.plist;
				IPHONEOS_DEPLOYMENT_TARGET = 15.0;
				LD_RUNPATH_SEARCH_PATHS = (
					"$(inherited)",
					"@executable_path/Frameworks",
				);
				PRODUCT_BUNDLE_IDENTIFIER = com.williamsvoboda.Geo;
				PRODUCT_NAME = "$(TARGET_NAME)";
				PROVISIONING_PROFILE_SPECIFIER = "";
				SWIFT_VERSION = 5.0;
				TARGETED_DEVICE_FAMILY = 1;
			};
			name = Debug;
		};
		4A4F063327235D8B00497A25 /* Release */ = {
			isa = XCBuildConfiguration;
			buildSettings = {
				ASSETCATALOG_COMPILER_APPICON_NAME = AppIcon;
				CODE_SIGN_ENTITLEMENTS = Geo/GeoRelease.entitlements;
				CODE_SIGN_IDENTITY = "Apple Development";
				CODE_SIGN_STYLE = Automatic;
				DEVELOPMENT_ASSET_PATHS = "\"Geo/Preview Content\"";
				DEVELOPMENT_TEAM = CW4C3JKWPR;
				ENABLE_PREVIEWS = YES;
				INFOPLIST_FILE = Geo/Info.plist;
				IPHONEOS_DEPLOYMENT_TARGET = 15.0;
				LD_RUNPATH_SEARCH_PATHS = (
					"$(inherited)",
					"@executable_path/Frameworks",
				);
				PRODUCT_BUNDLE_IDENTIFIER = com.williamsvoboda.Geo;
				PRODUCT_NAME = "$(TARGET_NAME)";
				PROVISIONING_PROFILE_SPECIFIER = "";
				SWIFT_VERSION = 5.0;
				TARGETED_DEVICE_FAMILY = 1;
			};
			name = Release;
		};
/* End XCBuildConfiguration section */

/* Begin XCConfigurationList section */
		4A4F061827235D8400497A25 /* Build configuration list for PBXProject "Geo" */ = {
			isa = XCConfigurationList;
			buildConfigurations = (
				4A4F062F27235D8B00497A25 /* Debug */,
				4A4F063027235D8B00497A25 /* Release */,
			);
			defaultConfigurationIsVisible = 0;
			defaultConfigurationName = Release;
		};
		4A4F063127235D8B00497A25 /* Build configuration list for PBXNativeTarget "Geo" */ = {
			isa = XCConfigurationList;
			buildConfigurations = (
				4A4F063227235D8B00497A25 /* Debug */,
				4A4F063327235D8B00497A25 /* Release */,
			);
			defaultConfigurationIsVisible = 0;
			defaultConfigurationName = Release;
		};
/* End XCConfigurationList section */
	};
	rootObject = 4A4F061527235D8400497A25 /* Project object */;
}
